
Microsoft Visual Studio Solution File, Format Version 12.00
# Visual Studio 15
VisualStudioVersion = 15.0.28307.1684
MinimumVisualStudioVersion = 10.0.40219.1
Project("{FAE04EC0-301F-11D3-BF4B-00C04F79EFBC}") = "Email", "Email\Email.csproj", "{53EB3FBD-5E5D-49BF-BB48-9EAC3E2058B0}"
EndProject
Global
	GlobalSection(SolutionConfigurationPlatforms) = preSolution
		Debug|Any CPU = Debug|Any CPU
		Release|Any CPU = Release|Any CPU
	EndGlobalSection
	GlobalSection(ProjectConfigurationPlatforms) = postSolution
		{53EB3FBD-5E5D-49BF-BB48-9EAC3E2058B0}.Debug|Any CPU.ActiveCfg = Debug|Any CPU
		{53EB3FBD-5E5D-49BF-BB48-9EAC3E2058B0}.Debug|Any CPU.Build.0 = Debug|Any CPU
		{53EB3FBD-5E5D-49BF-BB48-9EAC3E2058B0}.Release|Any CPU.ActiveCfg = Release|Any CPU
		{53EB3FBD-5E5D-49BF-BB48-9EAC3E2058B0}.Release|Any CPU.Build.0 = Release|Any CPU
	EndGlobalSection
	GlobalSection(SolutionProperties) = preSolution
		HideSolutionNode = FALSE
	EndGlobalSection
	GlobalSection(ExtensibilityGlobals) = postSolution
		SolutionGuid = {00FF5DFF-A6F5-42FA-A2A7-2862E9241AE2}
	EndGlobalSection
EndGlobal
